
Microsoft Visual Studio Solution File, Format Version 12.00
# Visual Studio Version 16
VisualStudioVersion = 16.0.31005.135
MinimumVisualStudioVersion = 10.0.40219.1
Project("{FAE04EC0-301F-11D3-BF4B-00C04F79EFBC}") = "sales-system", "sales-system\sales-system.csproj", "{2D4F4F1B-03AE-4DB7-A8EE-9DB6A6C60F01}"
EndProject
Global
	GlobalSection(SolutionConfigurationPlatforms) = preSolution
		Debug|Any CPU = Debug|Any CPU
		Release|Any CPU = Release|Any CPU
	EndGlobalSection
	GlobalSection(ProjectConfigurationPlatforms) = postSolution
		{2D4F4F1B-03AE-4DB7-A8EE-9DB6A6C60F01}.Debug|Any CPU.ActiveCfg = Debug|Any CPU
		{2D4F4F1B-03AE-4DB7-A8EE-9DB6A6C60F01}.Debug|Any CPU.Build.0 = Debug|Any CPU
		{2D4F4F1B-03AE-4DB7-A8EE-9DB6A6C60F01}.Release|Any CPU.ActiveCfg = Release|Any CPU
		{2D4F4F1B-03AE-4DB7-A8EE-9DB6A6C60F01}.Release|Any CPU.Build.0 = Release|Any CPU
	EndGlobalSection
	GlobalSection(SolutionProperties) = preSolution
		HideSolutionNode = FALSE
	EndGlobalSection
	GlobalSection(ExtensibilityGlobals) = postSolution
		SolutionGuid = {688A1789-374A-41BC-9F4B-6FC47843B32F}
	EndGlobalSection
EndGlobal
